<?xml version="1.0" encoding="utf-8"?>
<Project ToolsVersion="4.0" xmlns="http://schemas.microsoft.com/developer/msbuild/2003">
  <ItemGroup>
    <Filter Include="Source Files">
      <UniqueIdentifier>{4FC737F1-C7A5-4376-A066-2A32D752A2FF}</UniqueIdentifier>
      <Extensions>cpp;c;cc;cxx;c++;cppm;ixx;def;odl;idl;hpj;bat;asm;asmx</Extensions>
    </Filter>
    <Filter Include="Header Files">
      <UniqueIdentifier>{93995380-89BD-4b04-88EB-625FBE52EBFB}</UniqueIdentifier>
      <Extensions>h;hh;hpp;hxx;h++;hm;inl;inc;ipp;xsd</Extensions>
    </Filter>
    <Filter Include="Resource Files">
      <UniqueIdentifier>{67DA6AB6-F800-4c08-8B7A-83BB121AAD01}</UniqueIdentifier>
      <Extensions>rc;ico;cur;bmp;dlg;rc2;rct;bin;rgs;gif;jpg;jpeg;jpe;resx;tiff;tif;png;wav;mfcribbon-ms</Extensions>
    </Filter>
  </ItemGroup>
  <ItemGroup>
    <ClCompile Include="Fortnite.cpp">
      <Filter>Source Files</Filter>
    </ClCompile>
    <ClCompile Include="UI\Fuser\Fuser.cpp">
      <Filter>Source Files</Filter>
    </ClCompile>
    <ClCompile Include="UI\imgui-1.89.9\imgui.cpp">
      <Filter>Source Files</Filter>
    </ClCompile>
    <ClCompile Include="UI\imgui-1.89.9\imgui_demo.cpp">
      <Filter>Source Files</Filter>
    </ClCompile>
    <ClCompile Include="UI\imgui-1.89.9\imgui_draw.cpp">
      <Filter>Source Files</Filter>
    </ClCompile>
    <ClCompile Include="UI\imgui-1.89.9\imgui_tables.cpp">
      <Filter>Source Files</Filter>
    </ClCompile>
    <ClCompile Include="UI\imgui-1.89.9\imgui_widgets.cpp">
      <Filter>Source Files</Filter>
    </ClCompile>
    <ClCompile Include="UI\imgui-1.89.9\backends\imgui_impl_dx12.cpp">
      <Filter>Source Files</Filter>
    </ClCompile>
    <ClCompile Include="UI\imgui-1.89.9\backends\imgui_impl_dx11.cpp">
      <Filter>Source Files</Filter>
    </ClCompile>
    <ClCompile Include="UI\imgui-1.89.9\backends\imgui_impl_win32.cpp">
      <Filter>Source Files</Filter>
    </ClCompile>
    <ClCompile Include="UI\GUI.cpp">
      <Filter>Source Files</Filter>
    </ClCompile>
    <ClCompile Include="Config\Config.cpp">
      <Filter>Source Files</Filter>
    </ClCompile>
    <ClCompile Include="Config\fileIO.cpp">
      <Filter>Source Files</Filter>
    </ClCompile>
    <ClCompile Include="UI\Draw.cpp">
      <Filter>Source Files</Filter>
    </ClCompile>
    <ClCompile Include="UI\Discord\discord.cpp">
      <Filter>Source Files</Filter>
    </ClCompile>
    <ClCompile Include="Utils\Logging.cpp">
      <Filter>Source Files</Filter>
    </ClCompile>
    <ClCompile Include="Cheat\MainThread.cpp">
      <Filter>Source Files</Filter>
    </ClCompile>
    <ClCompile Include="Cheat\Classes\Entity.cpp">
      <Filter>Source Files</Filter>
    </ClCompile>
    <ClCompile Include="Cheat\Classes\EntityList.cpp">
      <Filter>Source Files</Filter>
    </ClCompile>
    <ClCompile Include="Cheat\Classes\Camera.cpp">
      <Filter>Source Files</Filter>
    </ClCompile>
    <ClCompile Include="UI\Hotkey\Hotkey.cpp">
      <Filter>Source Files</Filter>
    </ClCompile>
    <ClCompile Include="Cheat\Aimbot.cpp">
      <Filter>Source Files</Filter>
    </ClCompile>
    <ClCompile Include="Utils\Mouse\kmbox.cpp">
      <Filter>Source Files</Filter>
    </ClCompile>
    <ClCompile Include="Cheat\Globals.cpp">
      <Filter>Source Files</Filter>
    </ClCompile>
    <ClCompile Include="Utils\Mouse\kmboxNet.cpp">
      <Filter>Source Files</Filter>
    </ClCompile>
  </ItemGroup>
  <ItemGroup>
    <ClInclude Include="UI\Fuser\Fuser.h">
      <Filter>Header Files</Filter>
    </ClInclude>
    <ClInclude Include="UI\imgui-1.89.9\imconfig.h">
      <Filter>Header Files</Filter>
    </ClInclude>
    <ClInclude Include="UI\imgui-1.89.9\imgui.h">
      <Filter>Header Files</Filter>
    </ClInclude>
    <ClInclude Include="UI\imgui-1.89.9\imgui_internal.h">
      <Filter>Header Files</Filter>
    </ClInclude>
    <ClInclude Include="UI\imgui-1.89.9\imstb_rectpack.h">
      <Filter>Header Files</Filter>
    </ClInclude>
    <ClInclude Include="UI\imgui-1.89.9\imstb_textedit.h">
      <Filter>Header Files</Filter>
    </ClInclude>
    <ClInclude Include="UI\imgui-1.89.9\imstb_truetype.h">
      <Filter>Header Files</Filter>
    </ClInclude>
    <ClInclude Include="UI\imgui-1.89.9\backends\imgui_impl_dx12.h">
      <Filter>Header Files</Filter>
    </ClInclude>
    <ClInclude Include="UI\imgui-1.89.9\backends\imgui_impl_dx11.h">
      <Filter>Header Files</Filter>
    </ClInclude>
    <ClInclude Include="UI\imgui-1.89.9\backends\imgui_impl_win32.h">
      <Filter>Header Files</Filter>
    </ClInclude>
    <ClInclude Include="UI\GUI.h">
      <Filter>Header Files</Filter>
    </ClInclude>
    <ClInclude Include="UI\Font\newIcons.h">
      <Filter>Header Files</Filter>
    </ClInclude>
    <ClInclude Include="UI\Font\stb_image.h">
      <Filter>Header Files</Filter>
    </ClInclude>
    <ClInclude Include="UI\Font\textFont.h">
      <Filter>Header Files</Filter>
    </ClInclude>
    <ClInclude Include="Config\Config.h">
      <Filter>Header Files</Filter>
    </ClInclude>
    <ClInclude Include="Config\fileIO.h">
      <Filter>Header Files</Filter>
    </ClInclude>
    <ClInclude Include="Config\hash.h">
      <Filter>Header Files</Filter>
    </ClInclude>
    <ClInclude Include="Config\xorstr.hpp">
      <Filter>Header Files</Filter>
    </ClInclude>
    <ClInclude Include="context.h">
      <Filter>Header Files</Filter>
    </ClInclude>
    <ClInclude Include="UI\Draw.h">
      <Filter>Header Files</Filter>
    </ClInclude>
    <ClInclude Include="UI\Discord\discord.h">
      <Filter>Header Files</Filter>
    </ClInclude>
    <ClInclude Include="UI\imgui-1.89.9\stb_image.h">
      <Filter>Header Files</Filter>
    </ClInclude>
    <ClInclude Include="Utils\Logging.h">
      <Filter>Header Files</Filter>
    </ClInclude>
    <ClInclude Include="Cheat\MainThread.h">
      <Filter>Header Files</Filter>
    </ClInclude>
    <ClInclude Include="Cheat\Offsets.h">
      <Filter>Header Files</Filter>
    </ClInclude>
    <ClInclude Include="Cheat\Classes\Entity.h">
      <Filter>Header Files</Filter>
    </ClInclude>
    <ClInclude Include="Cheat\Classes\Vector.h">
      <Filter>Header Files</Filter>
    </ClInclude>
    <ClInclude Include="Cheat\Classes\Transform.h">
      <Filter>Header Files</Filter>
    </ClInclude>
    <ClInclude Include="Cheat\Classes\EntityList.h">
      <Filter>Header Files</Filter>
    </ClInclude>
    <ClInclude Include="Cheat\Globals.h">
      <Filter>Header Files</Filter>
    </ClInclude>
    <ClInclude Include="Cheat\Classes\Camera.h">
      <Filter>Header Files</Filter>
    </ClInclude>
    <ClInclude Include="UI\Hotkey\Hotkey.h">
      <Filter>Header Files</Filter>
    </ClInclude>
    <ClInclude Include="Cheat\Aimbot.h">
      <Filter>Header Files</Filter>
    </ClInclude>
    <ClInclude Include="Utils\PerlinNoise.hpp">
      <Filter>Header Files</Filter>
    </ClInclude>
    <ClInclude Include="Utils\Mouse\HidTable.h">
      <Filter>Header Files</Filter>
    </ClInclude>
    <ClInclude Include="Utils\Mouse\kmbox.h">
      <Filter>Header Files</Filter>
    </ClInclude>
    <ClInclude Include="Utils\Mouse\kmboxNet.h">
      <Filter>Header Files</Filter>
    </ClInclude>
  </ItemGroup>
</Project>